
Microsoft Visual Studio Solution File, Format Version 12.00
# Visual Studio 14
VisualStudioVersion = 14.0.24720.0
MinimumVisualStudioVersion = 10.0.40219.1
Project("{FAE04EC0-301F-11D3-BF4B-00C04F79EFBC}") = "WarGame", "WarGame\WarGame.csproj", "{888D6CD9-5214-42CF-A532-AC5E46CAAD61}"
EndProject
Project("{FAE04EC0-301F-11D3-BF4B-00C04F79EFBC}") = "WarGame.Test", "WarGame.Test\WarGame.Test.csproj", "{584169FE-AAFA-403B-9014-B16ED956BE56}"
EndProject
Global
	GlobalSection(SolutionConfigurationPlatforms) = preSolution
		Debug|Any CPU = Debug|Any CPU
		Release|Any CPU = Release|Any CPU
	EndGlobalSection
	GlobalSection(ProjectConfigurationPlatforms) = postSolution
		{888D6CD9-5214-42CF-A532-AC5E46CAAD61}.Debug|Any CPU.ActiveCfg = Debug|Any CPU
		{888D6CD9-5214-42CF-A532-AC5E46CAAD61}.Debug|Any CPU.Build.0 = Debug|Any CPU
		{888D6CD9-5214-42CF-A532-AC5E46CAAD61}.Release|Any CPU.ActiveCfg = Release|Any CPU
		{888D6CD9-5214-42CF-A532-AC5E46CAAD61}.Release|Any CPU.Build.0 = Release|Any CPU
		{584169FE-AAFA-403B-9014-B16ED956BE56}.Debug|Any CPU.ActiveCfg = Debug|Any CPU
		{584169FE-AAFA-403B-9014-B16ED956BE56}.Debug|Any CPU.Build.0 = Debug|Any CPU
		{584169FE-AAFA-403B-9014-B16ED956BE56}.Release|Any CPU.ActiveCfg = Release|Any CPU
		{584169FE-AAFA-403B-9014-B16ED956BE56}.Release|Any CPU.Build.0 = Release|Any CPU
	EndGlobalSection
	GlobalSection(SolutionProperties) = preSolution
		HideSolutionNode = FALSE
	EndGlobalSection
EndGlobal
